// !$*UTF8*$!
{
	archiveVersion = 1;
	classes = {
	};
	objectVersion = 55;
	objects = {

/* Begin PBXBuildFile section */
		2DDCA16E2732804100E41678 /* main.cpp in Sources */ = {isa = PBXBuildFile; fileRef = 2DDCA16D2732804100E41678 /* main.cpp */; };
		2DDCA1762732807E00E41678 /* dmacs_parcer.cpp in Sources */ = {isa = PBXBuildFile; fileRef = 2DDCA1742732807E00E41678 /* dmacs_parcer.cpp */; };
		2DDCA179273280CE00E41678 /* logic_function.cpp in Sources */ = {isa = PBXBuildFile; fileRef = 2DDCA177273280CE00E41678 /* logic_function.cpp */; };
		2DDCA17C2732810F00E41678 /* clause_node.cpp in Sources */ = {isa = PBXBuildFile; fileRef = 2DDCA17A2732810F00E41678 /* clause_node.cpp */; };
		2DDCA17F2732812B00E41678 /* literal.cpp in Sources */ = {isa = PBXBuildFile; fileRef = 2DDCA17D2732812B00E41678 /* literal.cpp */; };
		2DDCA1822732A33600E41678 /* sat_solver.cpp in Sources */ = {isa = PBXBuildFile; fileRef = 2DDCA1802732A33600E41678 /* sat_solver.cpp */; };
/* End PBXBuildFile section */

/* Begin PBXCopyFilesBuildPhase section */
		2DDCA1682732804100E41678 /* CopyFiles */ = {
			isa = PBXCopyFilesBuildPhase;
			buildActionMask = 2147483647;
			dstPath = /usr/share/man/man1/;
			dstSubfolderSpec = 0;
			files = (
			);
			runOnlyForDeploymentPostprocessing = 1;
		};
/* End PBXCopyFilesBuildPhase section */

/* Begin PBXFileReference section */
		2DDCA16A2732804100E41678 /* DPLLHighPerfomance */ = {isa = PBXFileReference; explicitFileType = "compiled.mach-o.executable"; includeInIndex = 0; path = DPLLHighPerfomance; sourceTree = BUILT_PRODUCTS_DIR; };
		2DDCA16D2732804100E41678 /* main.cpp */ = {isa = PBXFileReference; lastKnownFileType = sourcecode.cpp.cpp; path = main.cpp; sourceTree = "<group>"; };
		2DDCA1742732807E00E41678 /* dmacs_parcer.cpp */ = {isa = PBXFileReference; lastKnownFileType = sourcecode.cpp.cpp; path = dmacs_parcer.cpp; sourceTree = "<group>"; };
		2DDCA1752732807E00E41678 /* dmacs_parcer.hpp */ = {isa = PBXFileReference; lastKnownFileType = sourcecode.cpp.h; path = dmacs_parcer.hpp; sourceTree = "<group>"; };
		2DDCA177273280CE00E41678 /* logic_function.cpp */ = {isa = PBXFileReference; lastKnownFileType = sourcecode.cpp.cpp; path = logic_function.cpp; sourceTree = "<group>"; };
		2DDCA178273280CE00E41678 /* logic_function.hpp */ = {isa = PBXFileReference; lastKnownFileType = sourcecode.cpp.h; path = logic_function.hpp; sourceTree = "<group>"; };
		2DDCA17A2732810F00E41678 /* clause_node.cpp */ = {isa = PBXFileReference; lastKnownFileType = sourcecode.cpp.cpp; path = clause_node.cpp; sourceTree = "<group>"; };
		2DDCA17B2732810F00E41678 /* clause_node.hpp */ = {isa = PBXFileReference; lastKnownFileType = sourcecode.cpp.h; path = clause_node.hpp; sourceTree = "<group>"; };
		2DDCA17D2732812B00E41678 /* literal.cpp */ = {isa = PBXFileReference; lastKnownFileType = sourcecode.cpp.cpp; path = literal.cpp; sourceTree = "<group>"; };
		2DDCA17E2732812B00E41678 /* literal.hpp */ = {isa = PBXFileReference; lastKnownFileType = sourcecode.cpp.h; path = literal.hpp; sourceTree = "<group>"; };
		2DDCA1802732A33600E41678 /* sat_solver.cpp */ = {isa = PBXFileReference; lastKnownFileType = sourcecode.cpp.cpp; path = sat_solver.cpp; sourceTree = "<group>"; };
		2DDCA1812732A33600E41678 /* sat_solver.hpp */ = {isa = PBXFileReference; lastKnownFileType = sourcecode.cpp.h; path = sat_solver.hpp; sourceTree = "<group>"; };
/* End PBXFileReference section */

/* Begin PBXFrameworksBuildPhase section */
		2DDCA1672732804100E41678 /* Frameworks */ = {
			isa = PBXFrameworksBuildPhase;
			buildActionMask = 2147483647;
			files = (
			);
			runOnlyForDeploymentPostprocessing = 0;
		};
/* End PBXFrameworksBuildPhase section */

/* Begin PBXGroup section */
		2DDCA1612732804100E41678 = {
			isa = PBXGroup;
			children = (
				2DDCA16C2732804100E41678 /* DPLLHighPerfomance */,
				2DDCA16B2732804100E41678 /* Products */,
			);
			sourceTree = "<group>";
		};
		2DDCA16B2732804100E41678 /* Products */ = {
			isa = PBXGroup;
			children = (
				2DDCA16A2732804100E41678 /* DPLLHighPerfomance */,
			);
			name = Products;
			sourceTree = "<group>";
		};
		2DDCA16C2732804100E41678 /* DPLLHighPerfomance */ = {
			isa = PBXGroup;
			children = (
				2DDCA16D2732804100E41678 /* main.cpp */,
				2DDCA17D2732812B00E41678 /* literal.cpp */,
				2DDCA17E2732812B00E41678 /* literal.hpp */,
				2DDCA1752732807E00E41678 /* dmacs_parcer.hpp */,
				2DDCA178273280CE00E41678 /* logic_function.hpp */,
				2DDCA177273280CE00E41678 /* logic_function.cpp */,
				2DDCA1742732807E00E41678 /* dmacs_parcer.cpp */,
				2DDCA17A2732810F00E41678 /* clause_node.cpp */,
				2DDCA17B2732810F00E41678 /* clause_node.hpp */,
				2DDCA1802732A33600E41678 /* sat_solver.cpp */,
				2DDCA1812732A33600E41678 /* sat_solver.hpp */,
			);
			path = DPLLHighPerfomance;
			sourceTree = "<group>";
		};
/* End PBXGroup section */

/* Begin PBXNativeTarget section */
		2DDCA1692732804100E41678 /* DPLLHighPerfomance */ = {
			isa = PBXNativeTarget;
			buildConfigurationList = 2DDCA1712732804100E41678 /* Build configuration list for PBXNativeTarget "DPLLHighPerfomance" */;
			buildPhases = (
				2DDCA1662732804100E41678 /* Sources */,
				2DDCA1672732804100E41678 /* Frameworks */,
				2DDCA1682732804100E41678 /* CopyFiles */,
			);
			buildRules = (
			);
			dependencies = (
			);
			name = DPLLHighPerfomance;
			productName = DPLLHighPerfomance;
			productReference = 2DDCA16A2732804100E41678 /* DPLLHighPerfomance */;
			productType = "com.apple.product-type.tool";
		};
/* End PBXNativeTarget section */

/* Begin PBXProject section */
		2DDCA1622732804100E41678 /* Project object */ = {
			isa = PBXProject;
			attributes = {
				BuildIndependentTargetsInParallel = 1;
				LastUpgradeCheck = 1300;
				TargetAttributes = {
					2DDCA1692732804100E41678 = {
						CreatedOnToolsVersion = 13.0;
					};
				};
			};
			buildConfigurationList = 2DDCA1652732804100E41678 /* Build configuration list for PBXProject "DPLLHighPerfomance" */;
			compatibilityVersion = "Xcode 13.0";
			developmentRegion = en;
			hasScannedForEncodings = 0;
			knownRegions = (
				en,
				Base,
			);
			mainGroup = 2DDCA1612732804100E41678;
			productRefGroup = 2DDCA16B2732804100E41678 /* Products */;
			projectDirPath = "";
			projectRoot = "";
			targets = (
				2DDCA1692732804100E41678 /* DPLLHighPerfomance */,
			);
		};
/* End PBXProject section */

/* Begin PBXSourcesBuildPhase section */
		2DDCA1662732804100E41678 /* Sources */ = {
			isa = PBXSourcesBuildPhase;
			buildActionMask = 2147483647;
			files = (
				2DDCA17F2732812B00E41678 /* literal.cpp in Sources */,
				2DDCA16E2732804100E41678 /* main.cpp in Sources */,
				2DDCA1762732807E00E41678 /* dmacs_parcer.cpp in Sources */,
				2DDCA1822732A33600E41678 /* sat_solver.cpp in Sources */,
				2DDCA17C2732810F00E41678 /* clause_node.cpp in Sources */,
				2DDCA179273280CE00E41678 /* logic_function.cpp in Sources */,
			);
			runOnlyForDeploymentPostprocessing = 0;
		};
/* End PBXSourcesBuildPhase section */

/* Begin XCBuildConfiguration section */
		2DDCA16F2732804100E41678 /* Debug */ = {
			isa = XCBuildConfiguration;
			buildSettings = {
				ALWAYS_SEARCH_USER_PATHS = NO;
				CLANG_ANALYZER_NONNULL = YES;
				CLANG_ANALYZER_NUMBER_OBJECT_CONVERSION = YES_AGGRESSIVE;
				CLANG_CXX_LANGUAGE_STANDARD = "gnu++17";
				CLANG_CXX_LIBRARY = "libc++";
				CLANG_ENABLE_MODULES = YES;
				CLANG_ENABLE_OBJC_ARC = YES;
				CLANG_ENABLE_OBJC_WEAK = YES;
				CLANG_WARN_BLOCK_CAPTURE_AUTORELEASING = YES;
				CLANG_WARN_BOOL_CONVERSION = YES;
				CLANG_WARN_COMMA = YES;
				CLANG_WARN_CONSTANT_CONVERSION = YES;
				CLANG_WARN_DEPRECATED_OBJC_IMPLEMENTATIONS = YES;
				CLANG_WARN_DIRECT_OBJC_ISA_USAGE = YES_ERROR;
				CLANG_WARN_DOCUMENTATION_COMMENTS = YES;
				CLANG_WARN_EMPTY_BODY = YES;
				CLANG_WARN_ENUM_CONVERSION = YES;
				CLANG_WARN_INFINITE_RECURSION = YES;
				CLANG_WARN_INT_CONVERSION = YES;
				CLANG_WARN_NON_LITERAL_NULL_CONVERSION = YES;
				CLANG_WARN_OBJC_IMPLICIT_RETAIN_SELF = YES;
				CLANG_WARN_OBJC_LITERAL_CONVERSION = YES;
				CLANG_WARN_OBJC_ROOT_CLASS = YES_ERROR;
				CLANG_WARN_QUOTED_INCLUDE_IN_FRAMEWORK_HEADER = YES;
				CLANG_WARN_RANGE_LOOP_ANALYSIS = YES;
				CLANG_WARN_STRICT_PROTOTYPES = YES;
				CLANG_WARN_SUSPICIOUS_MOVE = YES;
				CLANG_WARN_UNGUARDED_AVAILABILITY = YES_AGGRESSIVE;
				CLANG_WARN_UNREACHABLE_CODE = YES;
				CLANG_WARN__DUPLICATE_METHOD_MATCH = YES;
				COPY_PHASE_STRIP = NO;
				DEBUG_INFORMATION_FORMAT = dwarf;
				ENABLE_STRICT_OBJC_MSGSEND = YES;
				ENABLE_TESTABILITY = YES;
				GCC_C_LANGUAGE_STANDARD = gnu11;
				GCC_DYNAMIC_NO_PIC = NO;
				GCC_NO_COMMON_BLOCKS = YES;
				GCC_OPTIMIZATION_LEVEL = 0;
				GCC_PREPROCESSOR_DEFINITIONS = (
					"DEBUG=1",
					"$(inherited)",
				);
				GCC_WARN_64_TO_32_BIT_CONVERSION = YES;
				GCC_WARN_ABOUT_RETURN_TYPE = YES_ERROR;
				GCC_WARN_UNDECLARED_SELECTOR = YES;
				GCC_WARN_UNINITIALIZED_AUTOS = YES_AGGRESSIVE;
				GCC_WARN_UNUSED_FUNCTION = YES;
				GCC_WARN_UNUSED_VARIABLE = YES;
				MACOSX_DEPLOYMENT_TARGET = 11.3;
				MTL_ENABLE_DEBUG_INFO = INCLUDE_SOURCE;
				MTL_FAST_MATH = YES;
				ONLY_ACTIVE_ARCH = YES;
				SDKROOT = macosx;
			};
			name = Debug;
		};
		2DDCA1702732804100E41678 /* Release */ = {
			isa = XCBuildConfiguration;
			buildSettings = {
				ALWAYS_SEARCH_USER_PATHS = NO;
				CLANG_ANALYZER_NONNULL = YES;
				CLANG_ANALYZER_NUMBER_OBJECT_CONVERSION = YES_AGGRESSIVE;
				CLANG_CXX_LANGUAGE_STANDARD = "gnu++17";
				CLANG_CXX_LIBRARY = "libc++";
				CLANG_ENABLE_MODULES = YES;
				CLANG_ENABLE_OBJC_ARC = YES;
				CLANG_ENABLE_OBJC_WEAK = YES;
				CLANG_WARN_BLOCK_CAPTURE_AUTORELEASING = YES;
				CLANG_WARN_BOOL_CONVERSION = YES;
				CLANG_WARN_COMMA = YES;
				CLANG_WARN_CONSTANT_CONVERSION = YES;
				CLANG_WARN_DEPRECATED_OBJC_IMPLEMENTATIONS = YES;
				CLANG_WARN_DIRECT_OBJC_ISA_USAGE = YES_ERROR;
				CLANG_WARN_DOCUMENTATION_COMMENTS = YES;
				CLANG_WARN_EMPTY_BODY = YES;
				CLANG_WARN_ENUM_CONVERSION = YES;
				CLANG_WARN_INFINITE_RECURSION = YES;
				CLANG_WARN_INT_CONVERSION = YES;
				CLANG_WARN_NON_LITERAL_NULL_CONVERSION = YES;
				CLANG_WARN_OBJC_IMPLICIT_RETAIN_SELF = YES;
				CLANG_WARN_OBJC_LITERAL_CONVERSION = YES;
				CLANG_WARN_OBJC_ROOT_CLASS = YES_ERROR;
				CLANG_WARN_QUOTED_INCLUDE_IN_FRAMEWORK_HEADER = YES;
				CLANG_WARN_RANGE_LOOP_ANALYSIS = YES;
				CLANG_WARN_STRICT_PROTOTYPES = YES;
				CLANG_WARN_SUSPICIOUS_MOVE = YES;
				CLANG_WARN_UNGUARDED_AVAILABILITY = YES_AGGRESSIVE;
				CLANG_WARN_UNREACHABLE_CODE = YES;
				CLANG_WARN__DUPLICATE_METHOD_MATCH = YES;
				COPY_PHASE_STRIP = NO;
				DEBUG_INFORMATION_FORMAT = "dwarf-with-dsym";
				ENABLE_NS_ASSERTIONS = NO;
				ENABLE_STRICT_OBJC_MSGSEND = YES;
				GCC_C_LANGUAGE_STANDARD = gnu11;
				GCC_NO_COMMON_BLOCKS = YES;
				GCC_WARN_64_TO_32_BIT_CONVERSION = YES;
				GCC_WARN_ABOUT_RETURN_TYPE = YES_ERROR;
				GCC_WARN_UNDECLARED_SELECTOR = YES;
				GCC_WARN_UNINITIALIZED_AUTOS = YES_AGGRESSIVE;
				GCC_WARN_UNUSED_FUNCTION = YES;
				GCC_WARN_UNUSED_VARIABLE = YES;
				MACOSX_DEPLOYMENT_TARGET = 11.3;
				MTL_ENABLE_DEBUG_INFO = NO;
				MTL_FAST_MATH = YES;
				SDKROOT = macosx;
			};
			name = Release;
		};
		2DDCA1722732804100E41678 /* Debug */ = {
			isa = XCBuildConfiguration;
			buildSettings = {
				CLANG_USE_OPTIMIZATION_PROFILE = NO;
				CODE_SIGN_STYLE = Automatic;
				GCC_ENABLE_CPP_EXCEPTIONS = YES;
				GCC_ENABLE_CPP_RTTI = NO;
				GCC_OPTIMIZATION_LEVEL = 0;
				GCC_THREADSAFE_STATICS = YES;
				GCC_UNROLL_LOOPS = YES;
				PRODUCT_NAME = "$(TARGET_NAME)";
			};
			name = Debug;
		};
		2DDCA1732732804100E41678 /* Release */ = {
			isa = XCBuildConfiguration;
			buildSettings = {
				CLANG_USE_OPTIMIZATION_PROFILE = NO;
				CODE_SIGN_STYLE = Automatic;
				GCC_ENABLE_CPP_EXCEPTIONS = YES;
				GCC_ENABLE_CPP_RTTI = NO;
				GCC_GENERATE_DEBUGGING_SYMBOLS = NO;
				GCC_OPTIMIZATION_LEVEL = fast;
				GCC_THREADSAFE_STATICS = YES;
				GCC_UNROLL_LOOPS = YES;
				PRODUCT_NAME = "$(TARGET_NAME)";
			};
			name = Release;
		};
/* End XCBuildConfiguration section */

/* Begin XCConfigurationList section */
		2DDCA1652732804100E41678 /* Build configuration list for PBXProject "DPLLHighPerfomance" */ = {
			isa = XCConfigurationList;
			buildConfigurations = (
				2DDCA16F2732804100E41678 /* Debug */,
				2DDCA1702732804100E41678 /* Release */,
			);
			defaultConfigurationIsVisible = 0;
			defaultConfigurationName = Release;
		};
		2DDCA1712732804100E41678 /* Build configuration list for PBXNativeTarget "DPLLHighPerfomance" */ = {
			isa = XCConfigurationList;
			buildConfigurations = (
				2DDCA1722732804100E41678 /* Debug */,
				2DDCA1732732804100E41678 /* Release */,
			);
			defaultConfigurationIsVisible = 0;
			defaultConfigurationName = Release;
		};
/* End XCConfigurationList section */
	};
	rootObject = 2DDCA1622732804100E41678 /* Project object */;
}
